
Microsoft Visual Studio Solution File, Format Version 11.00
# Visual C++ Express 2010
Project("{8BC9CEB8-8B4A-11D0-8D11-00A0C91BC942}") = "BulletTest.d3d9.vs2010", "BulletTest\BulletTest.d3d9.vs2010.vcxproj", "{E9795B96-6254-44CD-96B9-D1F9F2C89509}"
EndProject
Project("{8BC9CEB8-8B4A-11D0-8D11-00A0C91BC942}") = "BulletTest.opengl.vs2010", "BulletTest\BulletTest.opengl.vs2010.vcxproj", "{E1AD19CB-D1AA-453D-A1C9-14CD55CB41DB}"
EndProject
Project("{8BC9CEB8-8B4A-11D0-8D11-00A0C91BC942}") = "ShadowMapping", "ShadowMapping\ShadowMapping.vcxproj", "{40591CDB-C7B9-489C-B47E-1FAFA4EC955F}"
EndProject
Global
	GlobalSection(SolutionConfigurationPlatforms) = preSolution
		Debug|Win32 = Debug|Win32
		Release|Win32 = Release|Win32
	EndGlobalSection
	GlobalSection(ProjectConfigurationPlatforms) = postSolution
		{E9795B96-6254-44CD-96B9-D1F9F2C89509}.Debug|Win32.ActiveCfg = Debug|Win32
		{E9795B96-6254-44CD-96B9-D1F9F2C89509}.Debug|Win32.Build.0 = Debug|Win32
		{E9795B96-6254-44CD-96B9-D1F9F2C89509}.Release|Win32.ActiveCfg = Release|Win32
		{E9795B96-6254-44CD-96B9-D1F9F2C89509}.Release|Win32.Build.0 = Release|Win32
		{E1AD19CB-D1AA-453D-A1C9-14CD55CB41DB}.Debug|Win32.ActiveCfg = Debug|Win32
		{E1AD19CB-D1AA-453D-A1C9-14CD55CB41DB}.Debug|Win32.Build.0 = Debug|Win32
		{E1AD19CB-D1AA-453D-A1C9-14CD55CB41DB}.Release|Win32.ActiveCfg = Release|Win32
		{E1AD19CB-D1AA-453D-A1C9-14CD55CB41DB}.Release|Win32.Build.0 = Release|Win32
		{40591CDB-C7B9-489C-B47E-1FAFA4EC955F}.Debug|Win32.ActiveCfg = Debug|Win32
		{40591CDB-C7B9-489C-B47E-1FAFA4EC955F}.Debug|Win32.Build.0 = Debug|Win32
		{40591CDB-C7B9-489C-B47E-1FAFA4EC955F}.Release|Win32.ActiveCfg = Release|Win32
		{40591CDB-C7B9-489C-B47E-1FAFA4EC955F}.Release|Win32.Build.0 = Release|Win32
	EndGlobalSection
	GlobalSection(SolutionProperties) = preSolution
		HideSolutionNode = FALSE
	EndGlobalSection
EndGlobal
