<?xml version="1.0" encoding="UTF-8" standalone="yes" ?>
<CodeBlocks_project_file>
	<FileVersion major="1" minor="6" />
	<Project>
		<Option title="Reindeer" />
		<Option pch_mode="2" />
		<Option compiler="gcc" />
		<Build>
			<Target title="Debug">
				<Option output="bin/linux/Debug/Reindeer" prefix_auto="1" extension_auto="1" />
				<Option object_output="obj/linux/Debug/" />
				<Option type="1" />
				<Option compiler="gcc" />
				<Compiler>
					<Add option="-g" />
					<Add directory="../Reindeer" />
					<Add directory="src/container" />
				</Compiler>
			</Target>
			<Target title="Release">
				<Option output="bin/linux/Release/Reindeer" prefix_auto="1" extension_auto="1" />
				<Option object_output="obj/linux/Release/" />
				<Option type="1" />
				<Option compiler="gcc" />
				<Compiler>
					<Add option="-O2" />
					<Add directory="../Reindeer" />
					<Add directory="src/container" />
				</Compiler>
				<Linker>
					<Add option="-s" />
				</Linker>
			</Target>
		</Build>
		<Compiler>
			<Add option="-std=c++11" />
			<Add option="-Wall" />
			<Add option="-Wno-unused-variable" />
			<Add option="-Wno-write-strings" />
			<Add option="`pkg-config gtk+-2.0 gtkglext-1.0 --cflags`" />
			<Add option="-DUSE_OPENGL" />
			<Add option="-DGLEW_STATIC" />
			<Add directory="." />
			<Add directory="/usr/include/bullet" />
		</Compiler>
		<Linker>
			<Add option="`pkg-config gtk+-2.0 gtkglext-1.0 --libs`" />
			<Add library="BulletDynamics" />
			<Add library="BulletCollision" />
			<Add library="LinearMath" />
			<Add library="glfw" />
			<Add library="GLEW" />
			<Add library="GL" />
			<Add library="X11" />
			<Add library="Xxf86vm" />
			<Add library="pthread" />
			<Add library="Xrandr" />
			<Add library="Xi" />
		</Linker>
		<Unit filename="src/container/Container.cpp" />
		<Unit filename="src/container/Container.h" />
		<Unit filename="src/container/GlfwContainer.cpp" />
		<Unit filename="src/container/GlfwContainer.h" />
		<Unit filename="src/container/RdrGtkContainer.cpp" />
		<Unit filename="src/container/RdrGtkContainer.h" />
		<Unit filename="src/core/RdrCamera.cpp" />
		<Unit filename="src/core/RdrCamera.h" />
		<Unit filename="src/core/RdrCollisionShapeFactory.cpp" />
		<Unit filename="src/core/RdrCollisionShapeFactory.h" />
		<Unit filename="src/core/RdrDrawable.cpp" />
		<Unit filename="src/core/RdrDrawable.h" />
		<Unit filename="src/core/RdrHelper.cpp" />
		<Unit filename="src/core/RdrHelper.h" />
		<Unit filename="src/core/RdrLight.cpp" />
		<Unit filename="src/core/RdrLight.h" />
		<Unit filename="src/core/RdrLight_LegacyOpenGL.cpp" />
		<Unit filename="src/core/RdrLight_LegacyOpenGL.h" />
		<Unit filename="src/core/RdrLight_OpenGL.cpp" />
		<Unit filename="src/core/RdrLight_OpenGL.h" />
		<Unit filename="src/core/RdrMesh.cpp" />
		<Unit filename="src/core/RdrMesh.h" />
		<Unit filename="src/core/RdrMeshFactory.h" />
		<Unit filename="src/core/RdrMeshFactory_OpenGL.cpp" />
		<Unit filename="src/core/RdrMeshFactory_OpenGL.h" />
		<Unit filename="src/core/RdrMesh_LegacyOpenGL.cpp" />
		<Unit filename="src/core/RdrMesh_LegacyOpenGL.h" />
		<Unit filename="src/core/RdrMesh_OpenGL.cpp" />
		<Unit filename="src/core/RdrMesh_OpenGL.h" />
		<Unit filename="src/core/RdrNode.cpp" />
		<Unit filename="src/core/RdrNode.h" />
		<Unit filename="src/core/RdrShaderManager.cpp" />
		<Unit filename="src/core/RdrShaderManager.h" />
		<Unit filename="src/core/RdrTransform.cpp" />
		<Unit filename="src/core/RdrTransform.h" />
		<Unit filename="src/core/RdrWorld.cpp" />
		<Unit filename="src/core/RdrWorld.h" />
		<Unit filename="src/core/RdrWorld_OpenGL.cpp" />
		<Unit filename="src/core/RdrWorld_OpenGL.h" />
		<Unit filename="src/core/config.cpp" />
		<Unit filename="src/core/main.cpp" />
		<Unit filename="src/core/objloader.cpp" />
		<Unit filename="src/core/objloader.h" />
		<Unit filename="src/core/reindeer.h" />
		<Unit filename="src/core/shader.cpp" />
		<Unit filename="src/core/shader.h" />
		<Unit filename="src/core/texture.cpp" />
		<Unit filename="src/core/texture.h" />
		<Extensions>
			<code_completion />
			<envvars />
			<debugger />
			<lib_finder disable_auto="1" />
		</Extensions>
	</Project>
</CodeBlocks_project_file>
