<?xml version="1.0" encoding="UTF-8" standalone="yes" ?>
<CodeBlocks_project_file>
	<FileVersion major="1" minor="6" />
	<Project>
		<Option title="BulletTest" />
		<Option pch_mode="2" />
		<Option compiler="gcc" />
		<Build>
			<Target title="Debug">
				<Option output="bin/Debug/BulletTest" prefix_auto="1" extension_auto="1" />
				<Option object_output="obj/Debug/" />
				<Option type="1" />
				<Option compiler="gcc" />
				<Compiler>
					<Add option="-g" />
				</Compiler>
			</Target>
			<Target title="Release">
				<Option output="bin/Release/BulletTest" prefix_auto="1" extension_auto="1" />
				<Option object_output="obj/Release/" />
				<Option type="1" />
				<Option compiler="gcc" />
				<Compiler>
					<Add option="-O2" />
				</Compiler>
				<Linker>
					<Add option="-s" />
				</Linker>
			</Target>
		</Build>
		<Compiler>
			<Add option="-Wall" />
			<Add option="-DGLEW_STATIC" />
			<Add directory="../include" />
		</Compiler>
		<Linker>
			<Add library="BulletDynamics" />
			<Add library="BulletCollision" />
			<Add library="LinearMath" />
			<Add library="glfw3" />
			<Add library="glew32" />
			<Add library="gdi32" />
			<Add library="opengl32" />
			<Add directory="../lib" />
		</Linker>
		<Unit filename="BaseObject.cpp" />
		<Unit filename="BaseObject.h" />
		<Unit filename="BoxObject.cpp" />
		<Unit filename="BoxObject.h" />
		<Unit filename="BoxRenderer.cpp" />
		<Unit filename="BoxRenderer.h" />
		<Unit filename="Camera.cpp" />
		<Unit filename="Camera.h" />
		<Unit filename="Drawable.cpp" />
		<Unit filename="Drawable.h" />
		<Unit filename="GLDebugDrawer.h" />
		<Unit filename="LegacyOpenGLBoxRenderer.cpp" />
		<Unit filename="LegacyOpenGLBoxRenderer.h" />
		<Unit filename="OpenGLBoxRenderer.cpp" />
		<Unit filename="OpenGLBoxRenderer.h" />
		<Unit filename="StandardShading.fragmentshader" />
		<Unit filename="StandardShading.vertexshader" />
		<Unit filename="World.cpp" />
		<Unit filename="World.h" />
		<Unit filename="config.cpp" />
		<Unit filename="main.cpp" />
		<Unit filename="reindeer.h" />
		<Unit filename="shader.cpp" />
		<Unit filename="shader.h" />
		<Extensions>
			<code_completion />
			<envvars />
			<debugger />
			<lib_finder disable_auto="1" />
		</Extensions>
	</Project>
</CodeBlocks_project_file>
