<?xml version="1.0" encoding="UTF-8" standalone="yes" ?>
<CodeBlocks_project_file>
	<FileVersion major="1" minor="6" />
	<Project>
		<Option title="Reindeer" />
		<Option pch_mode="2" />
		<Option compiler="gcc" />
		<Build>
			<Target title="Debug">
				<Option output="bin/linux/Debug/Reindeer" prefix_auto="1" extension_auto="1" />
				<Option object_output="obj/linux/Debug/" />
				<Option type="1" />
				<Option compiler="gcc" />
				<Compiler>
					<Add option="-g" />
					<Add directory="../Reindeer" />
				</Compiler>
			</Target>
			<Target title="Release">
				<Option output="bin/linux/Release/Reindeer" prefix_auto="1" extension_auto="1" />
				<Option object_output="obj/linux/Release/" />
				<Option type="1" />
				<Option compiler="gcc" />
				<Compiler>
					<Add option="-O2" />
					<Add directory="../Reindeer" />
				</Compiler>
				<Linker>
					<Add option="-s" />
				</Linker>
			</Target>
		</Build>
		<Compiler>
			<Add option="-std=c++11" />
			<Add option="-Wall" />
			<Add option="-Wno-unused-variable" />
			<Add option="-Wno-write-strings" />
			<Add option="-DUSE_OPENGL" />
			<Add option="-DGLEW_STATIC" />
			<Add directory="../include" />
		</Compiler>
		<Linker>
			<Add library="BulletDynamics" />
			<Add library="BulletCollision" />
			<Add library="LinearMath" />
			<Add library="glfw3" />
			<Add library="GLEW" />
			<Add library="GL" />
			<Add library="X11" />
			<Add library="Xxf86vm" />
			<Add library="pthread" />
			<Add library="Xrandr" />
			<Add library="Xi" />
			<Add directory="../lib/linux" />
		</Linker>
		<Unit filename="Container.cpp" />
		<Unit filename="Container.h" />
		<Unit filename="DepthRTT.frag" />
		<Unit filename="DepthRTT.vert" />
		<Unit filename="GlfwContainer.cpp" />
		<Unit filename="GlfwContainer.h" />
		<Unit filename="Passthrough.vert" />
		<Unit filename="RdrCamera.cpp" />
		<Unit filename="RdrCamera.h" />
		<Unit filename="RdrCollisionShapeFactory.cpp" />
		<Unit filename="RdrCollisionShapeFactory.h" />
		<Unit filename="RdrDrawable.cpp" />
		<Unit filename="RdrDrawable.h" />
		<Unit filename="RdrHelper.cpp" />
		<Unit filename="RdrHelper.h" />
		<Unit filename="RdrLight.cpp" />
		<Unit filename="RdrLight.h" />
		<Unit filename="RdrLight_LegacyOpenGL.cpp" />
		<Unit filename="RdrLight_LegacyOpenGL.h" />
		<Unit filename="RdrLight_OpenGL.cpp" />
		<Unit filename="RdrLight_OpenGL.h" />
		<Unit filename="RdrMesh.cpp" />
		<Unit filename="RdrMesh.h" />
		<Unit filename="RdrMeshFactory.h" />
		<Unit filename="RdrMeshFactory_OpenGL.cpp" />
		<Unit filename="RdrMeshFactory_OpenGL.h" />
		<Unit filename="RdrMesh_LegacyOpenGL.cpp" />
		<Unit filename="RdrMesh_LegacyOpenGL.h" />
		<Unit filename="RdrMesh_OpenGL.cpp" />
		<Unit filename="RdrMesh_OpenGL.h" />
		<Unit filename="RdrNode.cpp" />
		<Unit filename="RdrNode.h" />
		<Unit filename="RdrShaderManager.cpp" />
		<Unit filename="RdrShaderManager.h" />
		<Unit filename="RdrTransform.cpp" />
		<Unit filename="RdrTransform.h" />
		<Unit filename="RdrWorld.cpp" />
		<Unit filename="RdrWorld.h" />
		<Unit filename="RdrWorld_OpenGL.cpp" />
		<Unit filename="RdrWorld_OpenGL.h" />
		<Unit filename="SimpleTexture.frag" />
		<Unit filename="StandardShading.frag" />
		<Unit filename="StandardShading.vert" />
		<Unit filename="config.cpp" />
		<Unit filename="main.cpp" />
		<Unit filename="objloader.cpp" />
		<Unit filename="objloader.h" />
		<Unit filename="reindeer.h" />
		<Unit filename="shader.cpp" />
		<Unit filename="shader.h" />
		<Unit filename="texture.cpp" />
		<Unit filename="texture.h" />
		<Extensions>
			<code_completion />
			<envvars />
			<debugger />
			<lib_finder disable_auto="1" />
		</Extensions>
	</Project>
</CodeBlocks_project_file>
